<?xml version="1.0" encoding="utf-8"?>
<Project ToolsVersion="4.0" xmlns="http://schemas.microsoft.com/developer/msbuild/2003">
  <ItemGroup>
    <Filter Include="Исходные файлы">
      <UniqueIdentifier>{4FC737F1-C7A5-4376-A066-2A32D752A2FF}</UniqueIdentifier>
      <Extensions>cpp;c;cc;cxx;def;odl;idl;hpj;bat;asm;asmx</Extensions>
    </Filter>
    <Filter Include="Файлы заголовков">
      <UniqueIdentifier>{93995380-89BD-4b04-88EB-625FBE52EBFB}</UniqueIdentifier>
      <Extensions>h;hh;hpp;hxx;hm;inl;inc;ipp;xsd</Extensions>
    </Filter>
    <Filter Include="Файлы ресурсов">
      <UniqueIdentifier>{67DA6AB6-F800-4c08-8B7A-83BB121AAD01}</UniqueIdentifier>
      <Extensions>rc;ico;cur;bmp;dlg;rc2;rct;bin;rgs;gif;jpg;jpeg;jpe;resx;tiff;tif;png;wav;mfcribbon-ms</Extensions>
    </Filter>
    <Filter Include="Исходные файлы\Characters">
      <UniqueIdentifier>{1dc9d344-2a29-4b69-8a9f-89b6f41e089c}</UniqueIdentifier>
    </Filter>
    <Filter Include="Исходные файлы\Resources">
      <UniqueIdentifier>{12a04a7f-d465-4f5d-8e9b-1184bd9bd404}</UniqueIdentifier>
    </Filter>
    <Filter Include="Исходные файлы\Resources\Items">
      <UniqueIdentifier>{2f1c28ce-b076-43f6-8b7c-413f2d8a665a}</UniqueIdentifier>
    </Filter>
    <Filter Include="Исходные файлы\Resources\Skills">
      <UniqueIdentifier>{42f025d0-9700-4b57-ad12-34da7db8ef8d}</UniqueIdentifier>
    </Filter>
    <Filter Include="Файлы заголовков\SybSystem">
      <UniqueIdentifier>{31bde93a-11e1-4312-9ac4-cf48fbc427f1}</UniqueIdentifier>
    </Filter>
    <Filter Include="Файлы заголовков\Equipment">
      <UniqueIdentifier>{2ab1ea7b-a616-42a8-935c-36f474f918da}</UniqueIdentifier>
    </Filter>
  </ItemGroup>
  <ItemGroup>
    <ClCompile Include="game.cpp">
      <Filter>Исходные файлы</Filter>
    </ClCompile>
    <ClCompile Include="gameSource.cpp">
      <Filter>Исходные файлы</Filter>
    </ClCompile>
    <ClCompile Include="enemies.cpp">
      <Filter>Исходные файлы\Characters</Filter>
    </ClCompile>
    <ClCompile Include="resources.cpp">
      <Filter>Исходные файлы\Resources</Filter>
    </ClCompile>
    <ClCompile Include="Statistics.cpp">
      <Filter>Исходные файлы\Resources</Filter>
    </ClCompile>
    <ClCompile Include="BattleSystem.cpp">
      <Filter>Исходные файлы\Resources</Filter>
    </ClCompile>
    <ClCompile Include="attributes.cpp">
      <Filter>Исходные файлы\Characters</Filter>
    </ClCompile>
    <ClCompile Include="World.cpp">
      <Filter>Исходные файлы\Resources</Filter>
    </ClCompile>
    <ClCompile Include="Temporary.cpp">
      <Filter>Файлы ресурсов</Filter>
    </ClCompile>
    <ClCompile Include="Items.cpp">
      <Filter>Исходные файлы\Resources\Items</Filter>
    </ClCompile>
    <ClCompile Include="Skills.cpp">
      <Filter>Исходные файлы\Resources\Skills</Filter>
    </ClCompile>
  </ItemGroup>
  <ItemGroup>
    <ClInclude Include="game.h">
      <Filter>Файлы заголовков</Filter>
    </ClInclude>
    <ClInclude Include="Roles.h">
      <Filter>Файлы заголовков</Filter>
    </ClInclude>
    <ClInclude Include="Enemies.h">
      <Filter>Файлы заголовков</Filter>
    </ClInclude>
    <ClInclude Include="BattleSystem.h">
      <Filter>Файлы заголовков</Filter>
    </ClInclude>
    <ClInclude Include="Attributes.h">
      <Filter>Файлы заголовков</Filter>
    </ClInclude>
    <ClInclude Include="World.h">
      <Filter>Файлы заголовков</Filter>
    </ClInclude>
    <ClInclude Include="Inventory.h">
      <Filter>Файлы заголовков</Filter>
    </ClInclude>
    <ClInclude Include="Items.h">
      <Filter>Файлы заголовков</Filter>
    </ClInclude>
    <ClInclude Include="SkillStock.h">
      <Filter>Файлы заголовков</Filter>
    </ClInclude>
    <ClInclude Include="Skills.h">
      <Filter>Файлы заголовков</Filter>
    </ClInclude>
    <ClInclude Include="Damage.h">
      <Filter>Файлы заголовков</Filter>
    </ClInclude>
    <ClInclude Include="WorldExtensions.h">
      <Filter>Файлы заголовков</Filter>
    </ClInclude>
    <ClInclude Include="WorldLocations.h">
      <Filter>Файлы заголовков</Filter>
    </ClInclude>
    <ClInclude Include="SUBSYSTEM_CLASSES.h">
      <Filter>Файлы заголовков\SybSystem</Filter>
    </ClInclude>
    <ClInclude Include="Equipment.h">
      <Filter>Файлы заголовков\Equipment</Filter>
    </ClInclude>
    <ClInclude Include="_grip_lib.h">
      <Filter>Файлы заголовков\Equipment</Filter>
    </ClInclude>
    <ClInclude Include="Сharacteristics.h">
      <Filter>Файлы заголовков</Filter>
    </ClInclude>
  </ItemGroup>
</Project>